
Microsoft Visual Studio Solution File, Format Version 12.00
# Visual Studio Version 16
VisualStudioVersion = 16.0.31025.194
MinimumVisualStudioVersion = 10.0.40219.1
Project("{FAE04EC0-301F-11D3-BF4B-00C04F79EFBC}") = "WinLoadHtml", "WinLoadHtml\WinLoadHtml.csproj", "{683E5286-E3F7-4909-A067-34ED0870DD7F}"
EndProject
Project("{FAE04EC0-301F-11D3-BF4B-00C04F79EFBC}") = "DataLayer", "DataLayer\DataLayer.csproj", "{49BE4D00-2B7B-4B9E-A50B-54462CC88D85}"
EndProject
Project("{FAE04EC0-301F-11D3-BF4B-00C04F79EFBC}") = "BusinessLogic", "BusinessLogic\BusinessLogic.csproj", "{969DE42F-FF86-482C-90C2-1746C7AA422F}"
EndProject
Project("{FAE04EC0-301F-11D3-BF4B-00C04F79EFBC}") = "BusinessEntity", "BusinessEntity\BusinessEntity.csproj", "{5575E65B-823A-4339-8DB6-6CA85187CC6D}"
EndProject
Global
	GlobalSection(SolutionConfigurationPlatforms) = preSolution
		Debug|Any CPU = Debug|Any CPU
		Release|Any CPU = Release|Any CPU
	EndGlobalSection
	GlobalSection(ProjectConfigurationPlatforms) = postSolution
		{683E5286-E3F7-4909-A067-34ED0870DD7F}.Debug|Any CPU.ActiveCfg = Debug|Any CPU
		{683E5286-E3F7-4909-A067-34ED0870DD7F}.Debug|Any CPU.Build.0 = Debug|Any CPU
		{683E5286-E3F7-4909-A067-34ED0870DD7F}.Release|Any CPU.ActiveCfg = Release|Any CPU
		{683E5286-E3F7-4909-A067-34ED0870DD7F}.Release|Any CPU.Build.0 = Release|Any CPU
		{49BE4D00-2B7B-4B9E-A50B-54462CC88D85}.Debug|Any CPU.ActiveCfg = Debug|Any CPU
		{49BE4D00-2B7B-4B9E-A50B-54462CC88D85}.Debug|Any CPU.Build.0 = Debug|Any CPU
		{49BE4D00-2B7B-4B9E-A50B-54462CC88D85}.Release|Any CPU.ActiveCfg = Release|Any CPU
		{49BE4D00-2B7B-4B9E-A50B-54462CC88D85}.Release|Any CPU.Build.0 = Release|Any CPU
		{969DE42F-FF86-482C-90C2-1746C7AA422F}.Debug|Any CPU.ActiveCfg = Debug|Any CPU
		{969DE42F-FF86-482C-90C2-1746C7AA422F}.Debug|Any CPU.Build.0 = Debug|Any CPU
		{969DE42F-FF86-482C-90C2-1746C7AA422F}.Release|Any CPU.ActiveCfg = Release|Any CPU
		{969DE42F-FF86-482C-90C2-1746C7AA422F}.Release|Any CPU.Build.0 = Release|Any CPU
		{5575E65B-823A-4339-8DB6-6CA85187CC6D}.Debug|Any CPU.ActiveCfg = Debug|Any CPU
		{5575E65B-823A-4339-8DB6-6CA85187CC6D}.Debug|Any CPU.Build.0 = Debug|Any CPU
		{5575E65B-823A-4339-8DB6-6CA85187CC6D}.Release|Any CPU.ActiveCfg = Release|Any CPU
		{5575E65B-823A-4339-8DB6-6CA85187CC6D}.Release|Any CPU.Build.0 = Release|Any CPU
	EndGlobalSection
	GlobalSection(SolutionProperties) = preSolution
		HideSolutionNode = FALSE
	EndGlobalSection
	GlobalSection(ExtensibilityGlobals) = postSolution
		SolutionGuid = {8D06891E-CB73-418B-89A9-2149169CC9F0}
	EndGlobalSection
EndGlobal
